
Microsoft Visual Studio Solution File, Format Version 12.00
# Visual Studio 14
VisualStudioVersion = 14.0.25420.1
MinimumVisualStudioVersion = 10.0.40219.1
Project("{FAE04EC0-301F-11D3-BF4B-00C04F79EFBC}") = "MongoDbHelper", "MongoDbHelper\MongoDbHelper.csproj", "{CD5B1E25-5D0D-4063-99AC-D67E00D5BC4D}"
EndProject
Project("{FAE04EC0-301F-11D3-BF4B-00C04F79EFBC}") = "MongoDbHelperTest", "MongoDbHelperTest\MongoDbHelperTest.csproj", "{C217DC5A-4FF3-463B-9068-F3652C1ECB65}"
EndProject
Global
	GlobalSection(SolutionConfigurationPlatforms) = preSolution
		Debug|Any CPU = Debug|Any CPU
		Release|Any CPU = Release|Any CPU
	EndGlobalSection
	GlobalSection(ProjectConfigurationPlatforms) = postSolution
		{CD5B1E25-5D0D-4063-99AC-D67E00D5BC4D}.Debug|Any CPU.ActiveCfg = Debug|Any CPU
		{CD5B1E25-5D0D-4063-99AC-D67E00D5BC4D}.Debug|Any CPU.Build.0 = Debug|Any CPU
		{CD5B1E25-5D0D-4063-99AC-D67E00D5BC4D}.Release|Any CPU.ActiveCfg = Release|Any CPU
		{CD5B1E25-5D0D-4063-99AC-D67E00D5BC4D}.Release|Any CPU.Build.0 = Release|Any CPU
		{C217DC5A-4FF3-463B-9068-F3652C1ECB65}.Debug|Any CPU.ActiveCfg = Debug|Any CPU
		{C217DC5A-4FF3-463B-9068-F3652C1ECB65}.Debug|Any CPU.Build.0 = Debug|Any CPU
		{C217DC5A-4FF3-463B-9068-F3652C1ECB65}.Release|Any CPU.ActiveCfg = Release|Any CPU
		{C217DC5A-4FF3-463B-9068-F3652C1ECB65}.Release|Any CPU.Build.0 = Release|Any CPU
	EndGlobalSection
	GlobalSection(SolutionProperties) = preSolution
		HideSolutionNode = FALSE
	EndGlobalSection
EndGlobal
